{
  "pins" : [
    {
      "identity" : "delegateproxy",
      "kind" : "remoteSourceControl",
      "location" : "https://github.com/nczoltan/DelegateProxy",
      "state" : {
        "branch" : "main",
        "revision" : "246c52b555a81e07ebfc769fd566271f17609865"
      }
    }
  ],
  "version" : 2
}
